
Microsoft Visual Studio Solution File, Format Version 12.00
# Visual Studio Version 16
VisualStudioVersion = 16.0.30523.141
MinimumVisualStudioVersion = 10.0.40219.1
Project("{FAE04EC0-301F-11D3-BF4B-00C04F79EFBC}") = "NETCOREM3_CodeFirst", "NETCOREM3_CodeFirst.csproj", "{C9F4434A-5B09-48EA-AD89-97D165719368}"
EndProject
Global
	GlobalSection(SolutionConfigurationPlatforms) = preSolution
		Debug|Any CPU = Debug|Any CPU
		Release|Any CPU = Release|Any CPU
	EndGlobalSection
	GlobalSection(ProjectConfigurationPlatforms) = postSolution
		{C9F4434A-5B09-48EA-AD89-97D165719368}.Debug|Any CPU.ActiveCfg = Debug|Any CPU
		{C9F4434A-5B09-48EA-AD89-97D165719368}.Debug|Any CPU.Build.0 = Debug|Any CPU
		{C9F4434A-5B09-48EA-AD89-97D165719368}.Release|Any CPU.ActiveCfg = Release|Any CPU
		{C9F4434A-5B09-48EA-AD89-97D165719368}.Release|Any CPU.Build.0 = Release|Any CPU
	EndGlobalSection
	GlobalSection(SolutionProperties) = preSolution
		HideSolutionNode = FALSE
	EndGlobalSection
	GlobalSection(ExtensibilityGlobals) = postSolution
		SolutionGuid = {90C07A2E-53A1-4C32-940D-06F02ECEB305}
	EndGlobalSection
EndGlobal
